// !$*UTF8*$!
{
	archiveVersion = 1;
	classes = {
	};
	objectVersion = 46;
	objects = {

/* Begin PBXBuildFile section */
		C94D09FA1F35D0D3004EE8F1 /* AppDelegate.swift in Sources */ = {isa = PBXBuildFile; fileRef = C94D09F91F35D0D3004EE8F1 /* AppDelegate.swift */; };
		C94D09FC1F35D0D3004EE8F1 /* ViewController.swift in Sources */ = {isa = PBXBuildFile; fileRef = C94D09FB1F35D0D3004EE8F1 /* ViewController.swift */; };
		C94D09FF1F35D0D3004EE8F1 /* Main.storyboard in Resources */ = {isa = PBXBuildFile; fileRef = C94D09FD1F35D0D3004EE8F1 /* Main.storyboard */; };
		C94D0A021F35D0D3004EE8F1 /* PokeMonGo.xcdatamodeld in Sources */ = {isa = PBXBuildFile; fileRef = C94D0A001F35D0D3004EE8F1 /* PokeMonGo.xcdatamodeld */; };
		C94D0A041F35D0D3004EE8F1 /* Assets.xcassets in Resources */ = {isa = PBXBuildFile; fileRef = C94D0A031F35D0D3004EE8F1 /* Assets.xcassets */; };
		C94D0A071F35D0D3004EE8F1 /* LaunchScreen.storyboard in Resources */ = {isa = PBXBuildFile; fileRef = C94D0A051F35D0D3004EE8F1 /* LaunchScreen.storyboard */; };
		C94D0A101F35D484004EE8F1 /* MapKit.framework in Frameworks */ = {isa = PBXBuildFile; fileRef = C94D0A0F1F35D484004EE8F1 /* MapKit.framework */; };
		C94D0A121F35E99E004EE8F1 /* PokedexViewController.swift in Sources */ = {isa = PBXBuildFile; fileRef = C94D0A111F35E99E004EE8F1 /* PokedexViewController.swift */; };
		C94D0A141F35EBDE004EE8F1 /* CoreDataHelper.swift in Sources */ = {isa = PBXBuildFile; fileRef = C94D0A131F35EBDE004EE8F1 /* CoreDataHelper.swift */; };
		C94D0A161F368040004EE8F1 /* PokemonAnno.swift in Sources */ = {isa = PBXBuildFile; fileRef = C94D0A151F368040004EE8F1 /* PokemonAnno.swift */; };
/* End PBXBuildFile section */

/* Begin PBXFileReference section */
		C94D09F61F35D0D3004EE8F1 /* PokeMonGo.app */ = {isa = PBXFileReference; explicitFileType = wrapper.application; includeInIndex = 0; path = PokeMonGo.app; sourceTree = BUILT_PRODUCTS_DIR; };
		C94D09F91F35D0D3004EE8F1 /* AppDelegate.swift */ = {isa = PBXFileReference; lastKnownFileType = sourcecode.swift; path = AppDelegate.swift; sourceTree = "<group>"; };
		C94D09FB1F35D0D3004EE8F1 /* ViewController.swift */ = {isa = PBXFileReference; lastKnownFileType = sourcecode.swift; path = ViewController.swift; sourceTree = "<group>"; };
		C94D09FE1F35D0D3004EE8F1 /* Base */ = {isa = PBXFileReference; lastKnownFileType = file.storyboard; name = Base; path = Base.lproj/Main.storyboard; sourceTree = "<group>"; };
		C94D0A011F35D0D3004EE8F1 /* PokeMonGo.xcdatamodel */ = {isa = PBXFileReference; lastKnownFileType = wrapper.xcdatamodel; path = PokeMonGo.xcdatamodel; sourceTree = "<group>"; };
		C94D0A031F35D0D3004EE8F1 /* Assets.xcassets */ = {isa = PBXFileReference; lastKnownFileType = folder.assetcatalog; path = Assets.xcassets; sourceTree = "<group>"; };
		C94D0A061F35D0D3004EE8F1 /* Base */ = {isa = PBXFileReference; lastKnownFileType = file.storyboard; name = Base; path = Base.lproj/LaunchScreen.storyboard; sourceTree = "<group>"; };
		C94D0A081F35D0D3004EE8F1 /* Info.plist */ = {isa = PBXFileReference; lastKnownFileType = text.plist.xml; path = Info.plist; sourceTree = "<group>"; };
		C94D0A0F1F35D484004EE8F1 /* MapKit.framework */ = {isa = PBXFileReference; lastKnownFileType = wrapper.framework; name = MapKit.framework; path = System/Library/Frameworks/MapKit.framework; sourceTree = SDKROOT; };
		C94D0A111F35E99E004EE8F1 /* PokedexViewController.swift */ = {isa = PBXFileReference; fileEncoding = 4; lastKnownFileType = sourcecode.swift; path = PokedexViewController.swift; sourceTree = "<group>"; };
		C94D0A131F35EBDE004EE8F1 /* CoreDataHelper.swift */ = {isa = PBXFileReference; fileEncoding = 4; lastKnownFileType = sourcecode.swift; path = CoreDataHelper.swift; sourceTree = "<group>"; };
		C94D0A151F368040004EE8F1 /* PokemonAnno.swift */ = {isa = PBXFileReference; fileEncoding = 4; lastKnownFileType = sourcecode.swift; path = PokemonAnno.swift; sourceTree = "<group>"; };
/* End PBXFileReference section */

/* Begin PBXFrameworksBuildPhase section */
		C94D09F31F35D0D3004EE8F1 /* Frameworks */ = {
			isa = PBXFrameworksBuildPhase;
			buildActionMask = 2147483647;
			files = (
				C94D0A101F35D484004EE8F1 /* MapKit.framework in Frameworks */,
			);
			runOnlyForDeploymentPostprocessing = 0;
		};
/* End PBXFrameworksBuildPhase section */

/* Begin PBXGroup section */
		C94D09ED1F35D0D3004EE8F1 = {
			isa = PBXGroup;
			children = (
				C94D09F81F35D0D3004EE8F1 /* PokeMonGo */,
				C94D09F71F35D0D3004EE8F1 /* Products */,
				C94D0A0E1F35D484004EE8F1 /* Frameworks */,
			);
			sourceTree = "<group>";
		};
		C94D09F71F35D0D3004EE8F1 /* Products */ = {
			isa = PBXGroup;
			children = (
				C94D09F61F35D0D3004EE8F1 /* PokeMonGo.app */,
			);
			name = Products;
			sourceTree = "<group>";
		};
		C94D09F81F35D0D3004EE8F1 /* PokeMonGo */ = {
			isa = PBXGroup;
			children = (
				C94D09F91F35D0D3004EE8F1 /* AppDelegate.swift */,
				C94D09FB1F35D0D3004EE8F1 /* ViewController.swift */,
				C94D09FD1F35D0D3004EE8F1 /* Main.storyboard */,
				C94D0A031F35D0D3004EE8F1 /* Assets.xcassets */,
				C94D0A051F35D0D3004EE8F1 /* LaunchScreen.storyboard */,
				C94D0A081F35D0D3004EE8F1 /* Info.plist */,
				C94D0A001F35D0D3004EE8F1 /* PokeMonGo.xcdatamodeld */,
				C94D0A111F35E99E004EE8F1 /* PokedexViewController.swift */,
				C94D0A131F35EBDE004EE8F1 /* CoreDataHelper.swift */,
				C94D0A151F368040004EE8F1 /* PokemonAnno.swift */,
			);
			path = PokeMonGo;
			sourceTree = "<group>";
		};
		C94D0A0E1F35D484004EE8F1 /* Frameworks */ = {
			isa = PBXGroup;
			children = (
				C94D0A0F1F35D484004EE8F1 /* MapKit.framework */,
			);
			name = Frameworks;
			sourceTree = "<group>";
		};
/* End PBXGroup section */

/* Begin PBXNativeTarget section */
		C94D09F51F35D0D3004EE8F1 /* PokeMonGo */ = {
			isa = PBXNativeTarget;
			buildConfigurationList = C94D0A0B1F35D0D3004EE8F1 /* Build configuration list for PBXNativeTarget "PokeMonGo" */;
			buildPhases = (
				C94D09F21F35D0D3004EE8F1 /* Sources */,
				C94D09F31F35D0D3004EE8F1 /* Frameworks */,
				C94D09F41F35D0D3004EE8F1 /* Resources */,
			);
			buildRules = (
			);
			dependencies = (
			);
			name = PokeMonGo;
			productName = PokeMonGo;
			productReference = C94D09F61F35D0D3004EE8F1 /* PokeMonGo.app */;
			productType = "com.apple.product-type.application";
		};
/* End PBXNativeTarget section */

/* Begin PBXProject section */
		C94D09EE1F35D0D3004EE8F1 /* Project object */ = {
			isa = PBXProject;
			attributes = {
				LastSwiftUpdateCheck = 0830;
				LastUpgradeCheck = 0830;
				ORGANIZATIONNAME = "JOHN KENNY";
				TargetAttributes = {
					C94D09F51F35D0D3004EE8F1 = {
						CreatedOnToolsVersion = 8.3.3;
						DevelopmentTeam = RX98TCH4D4;
						ProvisioningStyle = Automatic;
					};
				};
			};
			buildConfigurationList = C94D09F11F35D0D3004EE8F1 /* Build configuration list for PBXProject "PokeMonGo" */;
			compatibilityVersion = "Xcode 3.2";
			developmentRegion = English;
			hasScannedForEncodings = 0;
			knownRegions = (
				en,
				Base,
			);
			mainGroup = C94D09ED1F35D0D3004EE8F1;
			productRefGroup = C94D09F71F35D0D3004EE8F1 /* Products */;
			projectDirPath = "";
			projectRoot = "";
			targets = (
				C94D09F51F35D0D3004EE8F1 /* PokeMonGo */,
			);
		};
/* End PBXProject section */

/* Begin PBXResourcesBuildPhase section */
		C94D09F41F35D0D3004EE8F1 /* Resources */ = {
			isa = PBXResourcesBuildPhase;
			buildActionMask = 2147483647;
			files = (
				C94D0A071F35D0D3004EE8F1 /* LaunchScreen.storyboard in Resources */,
				C94D0A041F35D0D3004EE8F1 /* Assets.xcassets in Resources */,
				C94D09FF1F35D0D3004EE8F1 /* Main.storyboard in Resources */,
			);
			runOnlyForDeploymentPostprocessing = 0;
		};
/* End PBXResourcesBuildPhase section */

/* Begin PBXSourcesBuildPhase section */
		C94D09F21F35D0D3004EE8F1 /* Sources */ = {
			isa = PBXSourcesBuildPhase;
			buildActionMask = 2147483647;
			files = (
				C94D0A141F35EBDE004EE8F1 /* CoreDataHelper.swift in Sources */,
				C94D09FC1F35D0D3004EE8F1 /* ViewController.swift in Sources */,
				C94D0A121F35E99E004EE8F1 /* PokedexViewController.swift in Sources */,
				C94D0A161F368040004EE8F1 /* PokemonAnno.swift in Sources */,
				C94D0A021F35D0D3004EE8F1 /* PokeMonGo.xcdatamodeld in Sources */,
				C94D09FA1F35D0D3004EE8F1 /* AppDelegate.swift in Sources */,
			);
			runOnlyForDeploymentPostprocessing = 0;
		};
/* End PBXSourcesBuildPhase section */

/* Begin PBXVariantGroup section */
		C94D09FD1F35D0D3004EE8F1 /* Main.storyboard */ = {
			isa = PBXVariantGroup;
			children = (
				C94D09FE1F35D0D3004EE8F1 /* Base */,
			);
			name = Main.storyboard;
			sourceTree = "<group>";
		};
		C94D0A051F35D0D3004EE8F1 /* LaunchScreen.storyboard */ = {
			isa = PBXVariantGroup;
			children = (
				C94D0A061F35D0D3004EE8F1 /* Base */,
			);
			name = LaunchScreen.storyboard;
			sourceTree = "<group>";
		};
/* End PBXVariantGroup section */

/* Begin XCBuildConfiguration section */
		C94D0A091F35D0D3004EE8F1 /* Debug */ = {
			isa = XCBuildConfiguration;
			buildSettings = {
				ALWAYS_SEARCH_USER_PATHS = NO;
				CLANG_ANALYZER_NONNULL = YES;
				CLANG_ANALYZER_NUMBER_OBJECT_CONVERSION = YES_AGGRESSIVE;
				CLANG_CXX_LANGUAGE_STANDARD = "gnu++0x";
				CLANG_CXX_LIBRARY = "libc++";
				CLANG_ENABLE_MODULES = YES;
				CLANG_ENABLE_OBJC_ARC = YES;
				CLANG_WARN_BOOL_CONVERSION = YES;
				CLANG_WARN_CONSTANT_CONVERSION = YES;
				CLANG_WARN_DIRECT_OBJC_ISA_USAGE = YES_ERROR;
				CLANG_WARN_DOCUMENTATION_COMMENTS = YES;
				CLANG_WARN_EMPTY_BODY = YES;
				CLANG_WARN_ENUM_CONVERSION = YES;
				CLANG_WARN_INFINITE_RECURSION = YES;
				CLANG_WARN_INT_CONVERSION = YES;
				CLANG_WARN_OBJC_ROOT_CLASS = YES_ERROR;
				CLANG_WARN_SUSPICIOUS_MOVE = YES;
				CLANG_WARN_UNREACHABLE_CODE = YES;
				CLANG_WARN__DUPLICATE_METHOD_MATCH = YES;
				"CODE_SIGN_IDENTITY[sdk=iphoneos*]" = "iPhone Developer";
				COPY_PHASE_STRIP = NO;
				DEBUG_INFORMATION_FORMAT = dwarf;
				ENABLE_STRICT_OBJC_MSGSEND = YES;
				ENABLE_TESTABILITY = YES;
				GCC_C_LANGUAGE_STANDARD = gnu99;
				GCC_DYNAMIC_NO_PIC = NO;
				GCC_NO_COMMON_BLOCKS = YES;
				GCC_OPTIMIZATION_LEVEL = 0;
				GCC_PREPROCESSOR_DEFINITIONS = (
					"DEBUG=1",
					"$(inherited)",
				);
				GCC_WARN_64_TO_32_BIT_CONVERSION = YES;
				GCC_WARN_ABOUT_RETURN_TYPE = YES_ERROR;
				GCC_WARN_UNDECLARED_SELECTOR = YES;
				GCC_WARN_UNINITIALIZED_AUTOS = YES_AGGRESSIVE;
				GCC_WARN_UNUSED_FUNCTION = YES;
				GCC_WARN_UNUSED_VARIABLE = YES;
				IPHONEOS_DEPLOYMENT_TARGET = 10.3;
				MTL_ENABLE_DEBUG_INFO = YES;
				ONLY_ACTIVE_ARCH = YES;
				SDKROOT = iphoneos;
				SWIFT_ACTIVE_COMPILATION_CONDITIONS = DEBUG;
				SWIFT_OPTIMIZATION_LEVEL = "-Onone";
				TARGETED_DEVICE_FAMILY = "1,2";
			};
			name = Debug;
		};
		C94D0A0A1F35D0D3004EE8F1 /* Release */ = {
			isa = XCBuildConfiguration;
			buildSettings = {
				ALWAYS_SEARCH_USER_PATHS = NO;
				CLANG_ANALYZER_NONNULL = YES;
				CLANG_ANALYZER_NUMBER_OBJECT_CONVERSION = YES_AGGRESSIVE;
				CLANG_CXX_LANGUAGE_STANDARD = "gnu++0x";
				CLANG_CXX_LIBRARY = "libc++";
				CLANG_ENABLE_MODULES = YES;
				CLANG_ENABLE_OBJC_ARC = YES;
				CLANG_WARN_BOOL_CONVERSION = YES;
				CLANG_WARN_CONSTANT_CONVERSION = YES;
				CLANG_WARN_DIRECT_OBJC_ISA_USAGE = YES_ERROR;
				CLANG_WARN_DOCUMENTATION_COMMENTS = YES;
				CLANG_WARN_EMPTY_BODY = YES;
				CLANG_WARN_ENUM_CONVERSION = YES;
				CLANG_WARN_INFINITE_RECURSION = YES;
				CLANG_WARN_INT_CONVERSION = YES;
				CLANG_WARN_OBJC_ROOT_CLASS = YES_ERROR;
				CLANG_WARN_SUSPICIOUS_MOVE = YES;
				CLANG_WARN_UNREACHABLE_CODE = YES;
				CLANG_WARN__DUPLICATE_METHOD_MATCH = YES;
				"CODE_SIGN_IDENTITY[sdk=iphoneos*]" = "iPhone Developer";
				COPY_PHASE_STRIP = NO;
				DEBUG_INFORMATION_FORMAT = "dwarf-with-dsym";
				ENABLE_NS_ASSERTIONS = NO;
				ENABLE_STRICT_OBJC_MSGSEND = YES;
				GCC_C_LANGUAGE_STANDARD = gnu99;
				GCC_NO_COMMON_BLOCKS = YES;
				GCC_WARN_64_TO_32_BIT_CONVERSION = YES;
				GCC_WARN_ABOUT_RETURN_TYPE = YES_ERROR;
				GCC_WARN_UNDECLARED_SELECTOR = YES;
				GCC_WARN_UNINITIALIZED_AUTOS = YES_AGGRESSIVE;
				GCC_WARN_UNUSED_FUNCTION = YES;
				GCC_WARN_UNUSED_VARIABLE = YES;
				IPHONEOS_DEPLOYMENT_TARGET = 10.3;
				MTL_ENABLE_DEBUG_INFO = NO;
				SDKROOT = iphoneos;
				SWIFT_OPTIMIZATION_LEVEL = "-Owholemodule";
				TARGETED_DEVICE_FAMILY = "1,2";
				VALIDATE_PRODUCT = YES;
			};
			name = Release;
		};
		C94D0A0C1F35D0D3004EE8F1 /* Debug */ = {
			isa = XCBuildConfiguration;
			buildSettings = {
				ASSETCATALOG_COMPILER_APPICON_NAME = AppIcon;
				DEVELOPMENT_TEAM = RX98TCH4D4;
				INFOPLIST_FILE = PokeMonGo/Info.plist;
				LD_RUNPATH_SEARCH_PATHS = "$(inherited) @executable_path/Frameworks";
				PRODUCT_BUNDLE_IDENTIFIER = seanjohn85.github.com.PokeMonGo;
				PRODUCT_NAME = "$(TARGET_NAME)";
				SWIFT_VERSION = 3.0;
			};
			name = Debug;
		};
		C94D0A0D1F35D0D3004EE8F1 /* Release */ = {
			isa = XCBuildConfiguration;
			buildSettings = {
				ASSETCATALOG_COMPILER_APPICON_NAME = AppIcon;
				DEVELOPMENT_TEAM = RX98TCH4D4;
				INFOPLIST_FILE = PokeMonGo/Info.plist;
				LD_RUNPATH_SEARCH_PATHS = "$(inherited) @executable_path/Frameworks";
				PRODUCT_BUNDLE_IDENTIFIER = seanjohn85.github.com.PokeMonGo;
				PRODUCT_NAME = "$(TARGET_NAME)";
				SWIFT_VERSION = 3.0;
			};
			name = Release;
		};
/* End XCBuildConfiguration section */

/* Begin XCConfigurationList section */
		C94D09F11F35D0D3004EE8F1 /* Build configuration list for PBXProject "PokeMonGo" */ = {
			isa = XCConfigurationList;
			buildConfigurations = (
				C94D0A091F35D0D3004EE8F1 /* Debug */,
				C94D0A0A1F35D0D3004EE8F1 /* Release */,
			);
			defaultConfigurationIsVisible = 0;
			defaultConfigurationName = Release;
		};
		C94D0A0B1F35D0D3004EE8F1 /* Build configuration list for PBXNativeTarget "PokeMonGo" */ = {
			isa = XCConfigurationList;
			buildConfigurations = (
				C94D0A0C1F35D0D3004EE8F1 /* Debug */,
				C94D0A0D1F35D0D3004EE8F1 /* Release */,
			);
			defaultConfigurationIsVisible = 0;
		};
/* End XCConfigurationList section */

/* Begin XCVersionGroup section */
		C94D0A001F35D0D3004EE8F1 /* PokeMonGo.xcdatamodeld */ = {
			isa = XCVersionGroup;
			children = (
				C94D0A011F35D0D3004EE8F1 /* PokeMonGo.xcdatamodel */,
			);
			currentVersion = C94D0A011F35D0D3004EE8F1 /* PokeMonGo.xcdatamodel */;
			path = PokeMonGo.xcdatamodeld;
			sourceTree = "<group>";
			versionGroupType = wrapper.xcdatamodel;
		};
/* End XCVersionGroup section */
	};
	rootObject = C94D09EE1F35D0D3004EE8F1 /* Project object */;
}
